
Microsoft Visual Studio Solution File, Format Version 12.00
# Visual Studio Version 17
VisualStudioVersion = 17.14.36518.9 d17.14
MinimumVisualStudioVersion = 10.0.40219.1
Project("{FAE04EC0-301F-11D3-BF4B-00C04F79EFBC}") = "SeleniumAutomationProject", "SeleniumAutomationProject\SeleniumAutomationProject.csproj", "{64602329-A5E4-4B92-86BB-7E8194CE49B0}"
EndProject
Global
	GlobalSection(SolutionConfigurationPlatforms) = preSolution
		Debug|Any CPU = Debug|Any CPU
		Release|Any CPU = Release|Any CPU
	EndGlobalSection
	GlobalSection(ProjectConfigurationPlatforms) = postSolution
		{64602329-A5E4-4B92-86BB-7E8194CE49B0}.Debug|Any CPU.ActiveCfg = Debug|Any CPU
		{64602329-A5E4-4B92-86BB-7E8194CE49B0}.Debug|Any CPU.Build.0 = Debug|Any CPU
		{64602329-A5E4-4B92-86BB-7E8194CE49B0}.Release|Any CPU.ActiveCfg = Release|Any CPU
		{64602329-A5E4-4B92-86BB-7E8194CE49B0}.Release|Any CPU.Build.0 = Release|Any CPU
	EndGlobalSection
	GlobalSection(SolutionProperties) = preSolution
		HideSolutionNode = FALSE
	EndGlobalSection
	GlobalSection(ExtensibilityGlobals) = postSolution
		SolutionGuid = {11CA42F4-CE3E-417D-B294-D90CCD50DD76}
	EndGlobalSection
EndGlobal
